
Microsoft Visual Studio Solution File, Format Version 12.00
# Visual Studio Version 17
VisualStudioVersion = 17.11.35222.181
MinimumVisualStudioVersion = 10.0.40219.1
Project("{FAE04EC0-301F-11D3-BF4B-00C04F79EFBC}") = "test", "test\test.csproj", "{0FBEAD36-02D1-41EC-A391-8B6EB523C021}"
EndProject
Global
	GlobalSection(SolutionConfigurationPlatforms) = preSolution
		Debug|Any CPU = Debug|Any CPU
		Release|Any CPU = Release|Any CPU
	EndGlobalSection
	GlobalSection(ProjectConfigurationPlatforms) = postSolution
		{0FBEAD36-02D1-41EC-A391-8B6EB523C021}.Debug|Any CPU.ActiveCfg = Debug|Any CPU
		{0FBEAD36-02D1-41EC-A391-8B6EB523C021}.Debug|Any CPU.Build.0 = Debug|Any CPU
		{0FBEAD36-02D1-41EC-A391-8B6EB523C021}.Release|Any CPU.ActiveCfg = Release|Any CPU
		{0FBEAD36-02D1-41EC-A391-8B6EB523C021}.Release|Any CPU.Build.0 = Release|Any CPU
	EndGlobalSection
	GlobalSection(SolutionProperties) = preSolution
		HideSolutionNode = FALSE
	EndGlobalSection
	GlobalSection(ExtensibilityGlobals) = postSolution
		SolutionGuid = {E95C1F98-9001-46BF-BEA8-B8AA97E5EB44}
	EndGlobalSection
EndGlobal
